
Microsoft Visual Studio Solution File, Format Version 12.00
# Visual Studio Version 16
VisualStudioVersion = 16.0.29613.14
MinimumVisualStudioVersion = 10.0.40219.1
Project("{9A19103F-16F7-4668-BE54-9A1E7A4F7556}") = "Portable", "Portable\Portable.csproj", "{0DCB2ACB-2AC8-47D2-B9DA-E59EB5BEA74A}"
EndProject
Project("{FAE04EC0-301F-11D3-BF4B-00C04F79EFBC}") = "iOSCollection", "iOSCollection\iOSCollection.csproj", "{65229CF0-B5A8-48B1-96EC-F94AA300263A}"
EndProject
Project("{FAE04EC0-301F-11D3-BF4B-00C04F79EFBC}") = "AndroidCollection", "AndroidCollection\AndroidCollection.csproj", "{EC19CB03-E3C9-4CED-8632-2C273870E553}"
EndProject
Project("{FAE04EC0-301F-11D3-BF4B-00C04F79EFBC}") = "Tests", "Tests\Tests.csproj", "{3217BA91-363C-40B5-9F0B-8583E245BFF0}"
EndProject
Global
	GlobalSection(SolutionConfigurationPlatforms) = preSolution
		Debug|Any CPU = Debug|Any CPU
		Debug|iPhone = Debug|iPhone
		Debug|iPhoneSimulator = Debug|iPhoneSimulator
		Release|Any CPU = Release|Any CPU
		Release|iPhone = Release|iPhone
		Release|iPhoneSimulator = Release|iPhoneSimulator
	EndGlobalSection
	GlobalSection(ProjectConfigurationPlatforms) = postSolution
		{0DCB2ACB-2AC8-47D2-B9DA-E59EB5BEA74A}.Debug|Any CPU.ActiveCfg = Debug|Any CPU
		{0DCB2ACB-2AC8-47D2-B9DA-E59EB5BEA74A}.Debug|Any CPU.Build.0 = Debug|Any CPU
		{0DCB2ACB-2AC8-47D2-B9DA-E59EB5BEA74A}.Debug|iPhone.ActiveCfg = Debug|Any CPU
		{0DCB2ACB-2AC8-47D2-B9DA-E59EB5BEA74A}.Debug|iPhone.Build.0 = Debug|Any CPU
		{0DCB2ACB-2AC8-47D2-B9DA-E59EB5BEA74A}.Debug|iPhoneSimulator.ActiveCfg = Debug|Any CPU
		{0DCB2ACB-2AC8-47D2-B9DA-E59EB5BEA74A}.Debug|iPhoneSimulator.Build.0 = Debug|Any CPU
		{0DCB2ACB-2AC8-47D2-B9DA-E59EB5BEA74A}.Release|Any CPU.ActiveCfg = Release|Any CPU
		{0DCB2ACB-2AC8-47D2-B9DA-E59EB5BEA74A}.Release|Any CPU.Build.0 = Release|Any CPU
		{0DCB2ACB-2AC8-47D2-B9DA-E59EB5BEA74A}.Release|iPhone.ActiveCfg = Release|Any CPU
		{0DCB2ACB-2AC8-47D2-B9DA-E59EB5BEA74A}.Release|iPhone.Build.0 = Release|Any CPU
		{0DCB2ACB-2AC8-47D2-B9DA-E59EB5BEA74A}.Release|iPhoneSimulator.ActiveCfg = Release|Any CPU
		{0DCB2ACB-2AC8-47D2-B9DA-E59EB5BEA74A}.Release|iPhoneSimulator.Build.0 = Release|Any CPU
		{65229CF0-B5A8-48B1-96EC-F94AA300263A}.Debug|Any CPU.ActiveCfg = Debug|iPhone
		{65229CF0-B5A8-48B1-96EC-F94AA300263A}.Debug|iPhone.ActiveCfg = Debug|iPhone
		{65229CF0-B5A8-48B1-96EC-F94AA300263A}.Debug|iPhone.Build.0 = Debug|iPhone
		{65229CF0-B5A8-48B1-96EC-F94AA300263A}.Debug|iPhoneSimulator.ActiveCfg = Debug|iPhoneSimulator
		{65229CF0-B5A8-48B1-96EC-F94AA300263A}.Debug|iPhoneSimulator.Build.0 = Debug|iPhoneSimulator
		{65229CF0-B5A8-48B1-96EC-F94AA300263A}.Release|Any CPU.ActiveCfg = Release|iPhone
		{65229CF0-B5A8-48B1-96EC-F94AA300263A}.Release|iPhone.ActiveCfg = Release|iPhone
		{65229CF0-B5A8-48B1-96EC-F94AA300263A}.Release|iPhone.Build.0 = Release|iPhone
		{65229CF0-B5A8-48B1-96EC-F94AA300263A}.Release|iPhoneSimulator.ActiveCfg = Release|iPhoneSimulator
		{65229CF0-B5A8-48B1-96EC-F94AA300263A}.Release|iPhoneSimulator.Build.0 = Release|iPhoneSimulator
		{EC19CB03-E3C9-4CED-8632-2C273870E553}.Debug|Any CPU.ActiveCfg = Debug|Any CPU
		{EC19CB03-E3C9-4CED-8632-2C273870E553}.Debug|Any CPU.Build.0 = Debug|Any CPU
		{EC19CB03-E3C9-4CED-8632-2C273870E553}.Debug|Any CPU.Deploy.0 = Debug|Any CPU
		{EC19CB03-E3C9-4CED-8632-2C273870E553}.Debug|iPhone.ActiveCfg = Debug|Any CPU
		{EC19CB03-E3C9-4CED-8632-2C273870E553}.Debug|iPhone.Build.0 = Debug|Any CPU
		{EC19CB03-E3C9-4CED-8632-2C273870E553}.Debug|iPhone.Deploy.0 = Debug|Any CPU
		{EC19CB03-E3C9-4CED-8632-2C273870E553}.Debug|iPhoneSimulator.ActiveCfg = Debug|Any CPU
		{EC19CB03-E3C9-4CED-8632-2C273870E553}.Debug|iPhoneSimulator.Build.0 = Debug|Any CPU
		{EC19CB03-E3C9-4CED-8632-2C273870E553}.Debug|iPhoneSimulator.Deploy.0 = Debug|Any CPU
		{EC19CB03-E3C9-4CED-8632-2C273870E553}.Release|Any CPU.ActiveCfg = Release|Any CPU
		{EC19CB03-E3C9-4CED-8632-2C273870E553}.Release|Any CPU.Build.0 = Release|Any CPU
		{EC19CB03-E3C9-4CED-8632-2C273870E553}.Release|Any CPU.Deploy.0 = Release|Any CPU
		{EC19CB03-E3C9-4CED-8632-2C273870E553}.Release|iPhone.ActiveCfg = Release|Any CPU
		{EC19CB03-E3C9-4CED-8632-2C273870E553}.Release|iPhone.Build.0 = Release|Any CPU
		{EC19CB03-E3C9-4CED-8632-2C273870E553}.Release|iPhone.Deploy.0 = Release|Any CPU
		{EC19CB03-E3C9-4CED-8632-2C273870E553}.Release|iPhoneSimulator.ActiveCfg = Release|Any CPU
		{EC19CB03-E3C9-4CED-8632-2C273870E553}.Release|iPhoneSimulator.Build.0 = Release|Any CPU
		{EC19CB03-E3C9-4CED-8632-2C273870E553}.Release|iPhoneSimulator.Deploy.0 = Release|Any CPU
		{3217BA91-363C-40B5-9F0B-8583E245BFF0}.Debug|Any CPU.ActiveCfg = Debug|Any CPU
		{3217BA91-363C-40B5-9F0B-8583E245BFF0}.Debug|Any CPU.Build.0 = Debug|Any CPU
		{3217BA91-363C-40B5-9F0B-8583E245BFF0}.Debug|iPhone.ActiveCfg = Debug|Any CPU
		{3217BA91-363C-40B5-9F0B-8583E245BFF0}.Debug|iPhone.Build.0 = Debug|Any CPU
		{3217BA91-363C-40B5-9F0B-8583E245BFF0}.Debug|iPhoneSimulator.ActiveCfg = Debug|Any CPU
		{3217BA91-363C-40B5-9F0B-8583E245BFF0}.Debug|iPhoneSimulator.Build.0 = Debug|Any CPU
		{3217BA91-363C-40B5-9F0B-8583E245BFF0}.Release|Any CPU.ActiveCfg = Release|Any CPU
		{3217BA91-363C-40B5-9F0B-8583E245BFF0}.Release|Any CPU.Build.0 = Release|Any CPU
		{3217BA91-363C-40B5-9F0B-8583E245BFF0}.Release|iPhone.ActiveCfg = Release|Any CPU
		{3217BA91-363C-40B5-9F0B-8583E245BFF0}.Release|iPhone.Build.0 = Release|Any CPU
		{3217BA91-363C-40B5-9F0B-8583E245BFF0}.Release|iPhoneSimulator.ActiveCfg = Release|Any CPU
		{3217BA91-363C-40B5-9F0B-8583E245BFF0}.Release|iPhoneSimulator.Build.0 = Release|Any CPU
	EndGlobalSection
	GlobalSection(SolutionProperties) = preSolution
		HideSolutionNode = FALSE
	EndGlobalSection
	GlobalSection(ExtensibilityGlobals) = postSolution
		SolutionGuid = {1374EDA2-D3AA-4BFA-B633-99DD6CA4E645}
	EndGlobalSection
EndGlobal
